PODS:
  - Amplify (1.15.5):
    - Amplify/Default (= 1.15.5)
  - Amplify/Default (1.15.5)
  - amplify_analytics_pinpoint (0.0.1):
    - Amplify (~> 1.15.5)
    - amplify_core
    - AmplifyPlugins/AWSPinpointAnalyticsPlugin (~> 1.15.5)
    - Flutter
  - amplify_api (0.0.1):
    - Amplify (~> 1.15.5)
    - amplify_core
    - AmplifyPlugins/AWSAPIPlugin (~> 1.15.5)
    - Flutter
  - amplify_auth_cognito (0.0.1):
    - Amplify (~> 1.15.5)
    - amplify_core
    - AmplifyPlugins/AWSCognitoAuthPlugin (~> 1.15.5)
    - Flutter
    - ObjectMapper
  - amplify_core (0.0.1):
    - Flutter
  - amplify_datastore (0.0.1):
    - Amplify (~> 1.15.5)
    - amplify_core
    - AmplifyPlugins/AWSDataStorePlugin (~> 1.15.5)
    - Flutter
  - amplify_flutter (0.0.1):
    - Amplify (~> 1.15.5)
    - amplify_core
    - AmplifyPlugins/AWSCognitoAuthPlugin (~> 1.15.5)
    - AWSPluginsCore (~> 1.15.5)
    - Flutter
  - AmplifyPlugins/AWSAPIPlugin (1.15.5):
    - AppSyncRealTimeClient (~> 1.4)
    - AWSCore (~> 2.26.1)
    - AWSPluginsCore (= 1.15.5)
  - AmplifyPlugins/AWSCognitoAuthPlugin (1.15.5):
    - AWSAuthCore (~> 2.26.1)
    - AWSCognitoIdentityProvider (~> 2.26.1)
    - AWSCognitoIdentityProviderASF (~> 2.26.1)
    - AWSCore (~> 2.26.1)
    - AWSMobileClient (~> 2.26.1)
    - AWSPluginsCore (= 1.15.5)
  - AmplifyPlugins/AWSDataStorePlugin (1.15.5):
    - AWSCore (~> 2.26.1)
    - AWSPluginsCore (= 1.15.5)
    - SQLite.swift (= 0.12.2)
  - AmplifyPlugins/AWSPinpointAnalyticsPlugin (1.15.5):
    - AWSCore (~> 2.26.1)
    - AWSPinpoint (~> 2.26.1)
    - AWSPluginsCore (= 1.15.5)
  - AppSyncRealTimeClient (1.5.0):
    - Starscream (~> 3.1.1)
  - AWSAuthCore (2.26.3):
    - AWSCore (= 2.26.3)
  - AWSCognitoIdentityProvider (2.26.3):
    - AWSCognitoIdentityProviderASF (= 2.26.3)
    - AWSCore (= 2.26.3)
  - AWSCognitoIdentityProviderASF (2.26.3)
  - AWSComprehend (2.26.3):
    - AWSCore (= 2.26.3)
  - AWSCore (2.26.3)
  - AWSMobileClient (2.26.3):
    - AWSAuthCore (= 2.26.3)
    - AWSCognitoIdentityProvider (= 2.26.3)
    - AWSCognitoIdentityProviderASF (= 2.26.3)
    - AWSCore (= 2.26.3)
  - AWSPinpoint (2.26.3):
    - AWSCore (= 2.26.3)
  - AWSPluginsCore (1.15.5):
    - Amplify (= 1.15.5)
    - AWSCore (~> 2.26.1)
  - AWSPolly (2.26.3):
    - AWSCore (= 2.26.3)
  - AWSPredictionsPlugin (1.15.5):
    - AWSComprehend (~> 2.26.1)
    - AWSCore (~> 2.26.1)
    - AWSPluginsCore (= 1.15.5)
    - AWSPolly (~> 2.26.1)
    - AWSRekognition (~> 2.26.1)
    - AWSTextract (~> 2.26.1)
    - AWSTranscribeStreaming (~> 2.26.1)
    - AWSTranslate (~> 2.26.1)
    - CoreMLPredictionsPlugin (= 1.15.5)
  - AWSRekognition (2.26.3):
    - AWSCore (= 2.26.3)
  - AWSTextract (2.26.3):
    - AWSCore (= 2.26.3)
  - AWSTranscribeStreaming (2.26.3):
    - AWSCore (= 2.26.3)
  - AWSTranslate (2.26.3):
    - AWSCore (= 2.26.3)
  - camera (0.0.1):
    - Flutter
  - CoreMLPredictionsPlugin (1.15.5):
    - Amplify (= 1.15.5)
  - Flutter (1.0.0)
  - FMDB (2.7.5):
    - FMDB/standard (= 2.7.5)
  - FMDB/standard (2.7.5)
  - image_picker (0.0.1):
    - Flutter
  - libwebp (1.2.1):
    - libwebp/demux (= 1.2.1)
    - libwebp/mux (= 1.2.1)
    - libwebp/webp (= 1.2.1)
  - libwebp/demux (1.2.1):
    - libwebp/webp
  - libwebp/mux (1.2.1):
    - libwebp/demux
  - libwebp/webp (1.2.1)
  - ObjectMapper (4.2.0)
  - package_info_plus (0.4.5):
    - Flutter
  - path_provider_ios (0.0.1):
    - Flutter
  - share_plus (0.0.1):
    - Flutter
  - shared_preferences_ios (0.0.1):
    - Flutter
  - sqflite (0.0.2):
    - Flutter
    - FMDB (>= 2.7.5)
  - SQLite.swift (0.12.2):
    - SQLite.swift/standard (= 0.12.2)
  - SQLite.swift/standard (0.12.2)
  - Starscream (3.1.1)
  - url_launcher_ios (0.0.1):
    - Flutter
  - video_player_avfoundation (0.0.1):
    - Flutter
  - video_thumbnail (0.0.1):
    - Flutter
    - libwebp
  - webview_flutter_wkwebview (0.0.1):
    - Flutter

DEPENDENCIES:
  - amplify_analytics_pinpoint (from `.symlinks/plugins/amplify_analytics_pinpoint/ios`)
  - amplify_api (from `.symlinks/plugins/amplify_api/ios`)
  - amplify_auth_cognito (from `.symlinks/plugins/amplify_auth_cognito/ios`)
  - amplify_core (from `.symlinks/plugins/amplify_core/ios`)
  - amplify_datastore (from `.symlinks/plugins/amplify_datastore/ios`)
  - amplify_flutter (from `.symlinks/plugins/amplify_flutter/ios`)
  - AWSPredictionsPlugin (~> 1.15.5)
  - camera (from `.symlinks/plugins/camera/ios`)
  - CoreMLPredictionsPlugin (~> 1.15.5)
  - Flutter (from `Flutter`)
  - image_picker (from `.symlinks/plugins/image_picker/ios`)
  - package_info_plus (from `.symlinks/plugins/package_info_plus/ios`)
  - path_provider_ios (from `.symlinks/plugins/path_provider_ios/ios`)
  - share_plus (from `.symlinks/plugins/share_plus/ios`)
  - shared_preferences_ios (from `.symlinks/plugins/shared_preferences_ios/ios`)
  - sqflite (from `.symlinks/plugins/sqflite/ios`)
  - url_launcher_ios (from `.symlinks/plugins/url_launcher_ios/ios`)
  - video_player_avfoundation (from `.symlinks/plugins/video_player_avfoundation/ios`)
  - video_thumbnail (from `.symlinks/plugins/video_thumbnail/ios`)
  - webview_flutter_wkwebview (from `.symlinks/plugins/webview_flutter_wkwebview/ios`)

SPEC REPOS:
  trunk:
    - Amplify
    - AmplifyPlugins
    - AppSyncRealTimeClient
    - AWSAuthCore
    - AWSCognitoIdentityProvider
    - AWSCognitoIdentityProviderASF
    - AWSComprehend
    - AWSCore
    - AWSMobileClient
    - AWSPinpoint
    - AWSPluginsCore
    - AWSPolly
    - AWSPredictionsPlugin
    - AWSRekognition
    - AWSTextract
    - AWSTranscribeStreaming
    - AWSTranslate
    - CoreMLPredictionsPlugin
    - FMDB
    - libwebp
    - ObjectMapper
    - SQLite.swift
    - Starscream

EXTERNAL SOURCES:
  amplify_analytics_pinpoint:
    :path: ".symlinks/plugins/amplify_analytics_pinpoint/ios"
  amplify_api:
    :path: ".symlinks/plugins/amplify_api/ios"
  amplify_auth_cognito:
    :path: ".symlinks/plugins/amplify_auth_cognito/ios"
  amplify_core:
    :path: ".symlinks/plugins/amplify_core/ios"
  amplify_datastore:
    :path: ".symlinks/plugins/amplify_datastore/ios"
  amplify_flutter:
    :path: ".symlinks/plugins/amplify_flutter/ios"
  camera:
    :path: ".symlinks/plugins/camera/ios"
  Flutter:
    :path: Flutter
  image_picker:
    :path: ".symlinks/plugins/image_picker/ios"
  package_info_plus:
    :path: ".symlinks/plugins/package_info_plus/ios"
  path_provider_ios:
    :path: ".symlinks/plugins/path_provider_ios/ios"
  share_plus:
    :path: ".symlinks/plugins/share_plus/ios"
  shared_preferences_ios:
    :path: ".symlinks/plugins/shared_preferences_ios/ios"
  sqflite:
    :path: ".symlinks/plugins/sqflite/ios"
  url_launcher_ios:
    :path: ".symlinks/plugins/url_launcher_ios/ios"
  video_player_avfoundation:
    :path: ".symlinks/plugins/video_player_avfoundation/ios"
  video_thumbnail:
    :path: ".symlinks/plugins/video_thumbnail/ios"
  webview_flutter_wkwebview:
    :path: ".symlinks/plugins/webview_flutter_wkwebview/ios"

SPEC CHECKSUMS:
  Amplify: 4d248001a7fe2fe3707cb280c8961fe5cb55ae65
  amplify_analytics_pinpoint: 1c3059353f8a8cfc811ac321bc41e888b18f24bb
  amplify_api: d2e245623799af22ef371b9bcc960277c965ebb4
  amplify_auth_cognito: af3d562913c44b5508a68ed73105a0488a56bf36
  amplify_core: 8b38d20089fe4f225c14db6892f586bd03824a42
  amplify_datastore: 1d0addd7741cc1b6ee7314f4f44a0755326ef231
  amplify_flutter: 372e5d0210d6de0cbf7be025dbd20cc21831ab24
  AmplifyPlugins: 829c1ef5ed5d05e35d9cad3a9f0a9565913da411
  AppSyncRealTimeClient: 2b4482b1770a3e5cf64f9714a6d198550017b5a2
  AWSAuthCore: ce2089f8af1680aa433f6302b028ac786632cc5b
  AWSCognitoIdentityProvider: a7e5caaade68cc93a92e3a888db30053dc167ee0
  AWSCognitoIdentityProviderASF: ddcd5b1d919dccc15422b040ba4f99f5fbe85d9f
  AWSComprehend: 6b69faf52aa5836333579e5b4c0de41a1c9f37d1
  AWSCore: 7077ecff07ae3b184e65e2fa9855f6da048f9ae7
  AWSMobileClient: 32f38bdb37ee29b2ac2c81739054f95bf3265f66
  AWSPinpoint: fa21990647e939d46362b377fa4219a228acd72d
  AWSPluginsCore: f56a627f972d2ee9557f6a367e9875746b989b43
  AWSPolly: a9236f3033ac93cd95b9b748de5fee69bd69913f
  AWSPredictionsPlugin: 7779ae17e38a830f0d5f03ca4be0b5b15525e032
  AWSRekognition: dafcddf49eab2087565eb401e29fb4932cb6d9b3
  AWSTextract: 486c5770fc81baedec0f8047cf3a73591304bf57
  AWSTranscribeStreaming: 2eb85ed6250b474e570b8a42443ed42f10036609
  AWSTranslate: 20e78afb4bdc35e059a9931fd3b29a26763c4d83
  camera: 3164201dc344383e62282964016528c4f5a9ad50
  CoreMLPredictionsPlugin: fba67dc30334e948c8a8f5f9a17350494aff90aa
  Flutter: 50d75fe2f02b26cc09d224853bb45737f8b3214a
  FMDB: 2ce00b547f966261cd18927a3ddb07cb6f3db82a
  image_picker: 541dcbb3b9cf32d87eacbd957845d8651d6c62c3
  libwebp: 98a37e597e40bfdb4c911fc98f2c53d0b12d05fc
  ObjectMapper: 1eb41f610210777375fa806bf161dc39fb832b81
  package_info_plus: 6c92f08e1f853dc01228d6f553146438dafcd14e
  path_provider_ios: 7d7ce634493af4477d156294792024ec3485acd5
  share_plus: 056a1e8ac890df3e33cb503afffaf1e9b4fbae68
  shared_preferences_ios: 548a61f8053b9b8a49ac19c1ffbc8b92c50d68ad
  sqflite: 6d358c025f5b867b29ed92fc697fd34924e11904
  SQLite.swift: d2b4642190917051ce6bd1d49aab565fe794eea3
  Starscream: 4bb2f9942274833f7b4d296a55504dcfc7edb7b0
  url_launcher_ios: 839c58cdb4279282219f5e248c3321761ff3c4de
  video_player_avfoundation: e489aac24ef5cf7af82702979ed16f2a5ef84cff
  video_thumbnail: c4e2a3c539e247d4de13cd545344fd2d26ffafd1
  webview_flutter_wkwebview: 005fbd90c888a42c5690919a1527ecc6649e1162

PODFILE CHECKSUM: e2b64f60e52005f2430e500552eed6c59f16470e

COCOAPODS: 1.11.2
