# THIS IS AN AUTOGENERATED FILE. DO NOT EDIT THIS FILE DIRECTLY.
# yarn lockfile v1


axios@^0.23.0:
  version "0.23.0"
  resolved "https://registry.yarnpkg.com/axios/-/axios-0.23.0.tgz#b0fa5d0948a8d1d75e3d5635238b6c4625b05149"
  dependencies:
    follow-redirects "^1.14.4"

follow-redirects@^1.14.4:
  version "1.14.4"
  resolved "https://registry.yarnpkg.com/follow-redirects/-/follow-redirects-1.14.4.tgz#838fdf48a8bbdd79e52ee51fb1c94e3ed98b9379"

graphql-tag@^2.12.5:
  version "2.12.5"
  resolved "https://registry.yarnpkg.com/graphql-tag/-/graphql-tag-2.12.5.tgz#5cff974a67b417747d05c8d9f5f3cb4495d0db8f"
  dependencies:
    tslib "^2.1.0"

graphql@^15.6.1:
  version "15.6.1"
  resolved "https://registry.yarnpkg.com/graphql/-/graphql-15.6.1.tgz#9125bdf057553525da251e19e96dab3d3855ddfc"

tslib@^2.1.0:
  version "2.3.1"
  resolved "https://registry.yarnpkg.com/tslib/-/tslib-2.3.1.tgz#e8a335add5ceae51aa261d32a490158ef042ef01"
