{
  "name": "nodejs",
  "version": "1.0.0",
  "lockfileVersion": 2,
  "requires": true,
  "packages": {
    "": {
      "version": "1.0.0",
      "dependencies": {
        "axios": "^0.23.0",
        "file-type": "^17.1.1",
        "graphql": "^15.6.1",
        "graphql-tag": "^2.12.5",
        "papaparse": "^5.3.2"
      }
    },
    "node_modules/@tokenizer/token": {
      "version": "0.3.0",
      "resolved": "https://registry.npmjs.org/@tokenizer/token/-/token-0.3.0.tgz",
      "integrity": "sha512-OvjF+z51L3ov0OyAU0duzsYuvO01PH7x4t6DJx+guahgTnBHkhJdG7soQeTSFLWN3efnHyibZ4Z8l2EuWwJN3A=="
    },
    "node_modules/axios": {
      "version": "0.23.0",
      "resolved": "https://registry.npmjs.org/axios/-/axios-0.23.0.tgz",
      "integrity": "sha512-NmvAE4i0YAv5cKq8zlDoPd1VLKAqX5oLuZKs8xkJa4qi6RGn0uhCYFjWtHHC9EM/MwOwYWOs53W+V0aqEXq1sg==",
      "dependencies": {
        "follow-redirects": "^1.14.4"
      }
    },
    "node_modules/file-type": {
      "version": "17.1.1",
      "resolved": "https://registry.npmjs.org/file-type/-/file-type-17.1.1.tgz",
      "integrity": "sha512-heRUMZHby2Qj6wZAA3YHeMlRmZNQTcb6VxctkGmM+mcM6ROQKvHpr7SS6EgdfEhH+s25LDshBjvPx/Ecm+bOVQ==",
      "dependencies": {
        "readable-web-to-node-stream": "^3.0.2",
        "strtok3": "^7.0.0-alpha.7",
        "token-types": "^5.0.0-alpha.2"
      },
      "engines": {
        "node": "^12.20.0 || ^14.13.1 || >=16.0.0"
      },
      "funding": {
        "url": "https://github.com/sindresorhus/file-type?sponsor=1"
      }
    },
    "node_modules/follow-redirects": {
      "version": "1.14.4",
      "resolved": "https://registry.npmjs.org/follow-redirects/-/follow-redirects-1.14.4.tgz",
      "integrity": "sha512-zwGkiSXC1MUJG/qmeIFH2HBJx9u0V46QGUe3YR1fXG8bXQxq7fLj0RjLZQ5nubr9qNJUZrH+xUcwXEoXNpfS+g==",
      "funding": [
        {
          "type": "individual",
          "url": "https://github.com/sponsors/RubenVerborgh"
        }
      ],
      "engines": {
        "node": ">=4.0"
      },
      "peerDependenciesMeta": {
        "debug": {
          "optional": true
        }
      }
    },
    "node_modules/graphql": {
      "version": "15.6.1",
      "resolved": "https://registry.npmjs.org/graphql/-/graphql-15.6.1.tgz",
      "integrity": "sha512-3i5lu0z6dRvJ48QP9kFxBkJ7h4Kso7PS8eahyTFz5Jm6CvQfLtNIE8LX9N6JLnXTuwR+sIYnXzaWp6anOg0QQw==",
      "engines": {
        "node": ">= 10.x"
      }
    },
    "node_modules/graphql-tag": {
      "version": "2.12.5",
      "resolved": "https://registry.npmjs.org/graphql-tag/-/graphql-tag-2.12.5.tgz",
      "integrity": "sha512-5xNhP4063d16Pz3HBtKprutsPrmHZi5IdUGOWRxA2B6VF7BIRGOHZ5WQvDmJXZuPcBg7rYwaFxvQYjqkSdR3TQ==",
      "dependencies": {
        "tslib": "^2.1.0"
      },
      "engines": {
        "node": ">=10"
      },
      "peerDependencies": {
        "graphql": "^0.9.0 || ^0.10.0 || ^0.11.0 || ^0.12.0 || ^0.13.0 || ^14.0.0 || ^15.0.0"
      }
    },
    "node_modules/ieee754": {
      "version": "1.2.1",
      "resolved": "https://registry.npmjs.org/ieee754/-/ieee754-1.2.1.tgz",
      "integrity": "sha512-dcyqhDvX1C46lXZcVqCpK+FtMRQVdIMN6/Df5js2zouUsqG7I6sFxitIC+7KYK29KdXOLHdu9zL4sFnoVQnqaA==",
      "funding": [
        {
          "type": "github",
          "url": "https://github.com/sponsors/feross"
        },
        {
          "type": "patreon",
          "url": "https://www.patreon.com/feross"
        },
        {
          "type": "consulting",
          "url": "https://feross.org/support"
        }
      ]
    },
    "node_modules/inherits": {
      "version": "2.0.4",
      "resolved": "https://registry.npmjs.org/inherits/-/inherits-2.0.4.tgz",
      "integrity": "sha512-k/vGaX4/Yla3WzyMCvTQOXYeIHvqOKtnqBduzTHpzpQZzAskKMhZ2K+EnBiSM9zGSoIFeMpXKxa4dYeZIQqewQ=="
    },
    "node_modules/papaparse": {
      "version": "5.3.2",
      "resolved": "https://registry.npmjs.org/papaparse/-/papaparse-5.3.2.tgz",
      "integrity": "sha512-6dNZu0Ki+gyV0eBsFKJhYr+MdQYAzFUGlBMNj3GNrmHxmz1lfRa24CjFObPXtjcetlOv5Ad299MhIK0znp3afw=="
    },
    "node_modules/peek-readable": {
      "version": "5.0.0-alpha.5",
      "resolved": "https://registry.npmjs.org/peek-readable/-/peek-readable-5.0.0-alpha.5.tgz",
      "integrity": "sha512-pJohF/tDwV3ntnT5+EkUo4E700q/j/OCDuPxtM+5/kFGjyOai/sK4/We4Cy1MB2OiTQliWU5DxPvYIKQAdPqAA==",
      "engines": {
        "node": "^12.20.0 || ^14.13.1 || >=16.0.0"
      },
      "funding": {
        "type": "github",
        "url": "https://github.com/sponsors/Borewit"
      }
    },
    "node_modules/readable-stream": {
      "version": "3.6.0",
      "resolved": "https://registry.npmjs.org/readable-stream/-/readable-stream-3.6.0.tgz",
      "integrity": "sha512-BViHy7LKeTz4oNnkcLJ+lVSL6vpiFeX6/d3oSH8zCW7UxP2onchk+vTGB143xuFjHS3deTgkKoXXymXqymiIdA==",
      "dependencies": {
        "inherits": "^2.0.3",
        "string_decoder": "^1.1.1",
        "util-deprecate": "^1.0.1"
      },
      "engines": {
        "node": ">= 6"
      }
    },
    "node_modules/readable-web-to-node-stream": {
      "version": "3.0.2",
      "resolved": "https://registry.npmjs.org/readable-web-to-node-stream/-/readable-web-to-node-stream-3.0.2.tgz",
      "integrity": "sha512-ePeK6cc1EcKLEhJFt/AebMCLL+GgSKhuygrZ/GLaKZYEecIgIECf4UaUuaByiGtzckwR4ain9VzUh95T1exYGw==",
      "dependencies": {
        "readable-stream": "^3.6.0"
      },
      "engines": {
        "node": ">=8"
      },
      "funding": {
        "type": "github",
        "url": "https://github.com/sponsors/Borewit"
      }
    },
    "node_modules/safe-buffer": {
      "version": "5.2.1",
      "resolved": "https://registry.npmjs.org/safe-buffer/-/safe-buffer-5.2.1.tgz",
      "integrity": "sha512-rp3So07KcdmmKbGvgaNxQSJr7bGVSVk5S9Eq1F+ppbRo70+YeaDxkw5Dd8NPN+GD6bjnYm2VuPuCXmpuYvmCXQ==",
      "funding": [
        {
          "type": "github",
          "url": "https://github.com/sponsors/feross"
        },
        {
          "type": "patreon",
          "url": "https://www.patreon.com/feross"
        },
        {
          "type": "consulting",
          "url": "https://feross.org/support"
        }
      ]
    },
    "node_modules/string_decoder": {
      "version": "1.3.0",
      "resolved": "https://registry.npmjs.org/string_decoder/-/string_decoder-1.3.0.tgz",
      "integrity": "sha512-hkRX8U1WjJFd8LsDJ2yQ/wWWxaopEsABU1XfkM8A+j0+85JAGppt16cr1Whg6KIbb4okU6Mql6BOj+uup/wKeA==",
      "dependencies": {
        "safe-buffer": "~5.2.0"
      }
    },
    "node_modules/strtok3": {
      "version": "7.0.0-alpha.8",
      "resolved": "https://registry.npmjs.org/strtok3/-/strtok3-7.0.0-alpha.8.tgz",
      "integrity": "sha512-u+k19v+rTxBjGYxncRQjGvZYwYvEd0uP3D+uHKe/s4WB1eXS5ZwpZsTlBu5xSS4zEd89mTXECXg6WW3FSeV8cA==",
      "dependencies": {
        "@tokenizer/token": "^0.3.0",
        "peek-readable": "^5.0.0-alpha.5"
      },
      "engines": {
        "node": "^12.20.0 || ^14.13.1 || >=16.0.0"
      },
      "funding": {
        "type": "github",
        "url": "https://github.com/sponsors/Borewit"
      }
    },
    "node_modules/token-types": {
      "version": "5.0.0-alpha.2",
      "resolved": "https://registry.npmjs.org/token-types/-/token-types-5.0.0-alpha.2.tgz",
      "integrity": "sha512-EsG9UxAW4M6VATrEEjhPFTKEUi1OiJqTUMIZOGBN49fGxYjZB36k0p7to3HZSmWRoHm1QfZgrg3e02fpqAt5fQ==",
      "dependencies": {
        "@tokenizer/token": "^0.3.0",
        "ieee754": "^1.2.1"
      },
      "engines": {
        "node": "^12.20.0 || ^14.13.1 || >=16.0.0"
      },
      "funding": {
        "type": "github",
        "url": "https://github.com/sponsors/Borewit"
      }
    },
    "node_modules/tslib": {
      "version": "2.3.1",
      "resolved": "https://registry.npmjs.org/tslib/-/tslib-2.3.1.tgz",
      "integrity": "sha512-77EbyPPpMz+FRFRuAFlWMtmgUWGe9UOG2Z25NqCwiIjRhOf5iKGuzSe5P2w1laq+FkRy4p+PCuVkJSGkzTEKVw=="
    },
    "node_modules/util-deprecate": {
      "version": "1.0.2",
      "resolved": "https://registry.npmjs.org/util-deprecate/-/util-deprecate-1.0.2.tgz",
      "integrity": "sha1-RQ1Nyfpw3nMnYvvS1KKJgUGaDM8="
    }
  },
  "dependencies": {
    "@tokenizer/token": {
      "version": "0.3.0",
      "resolved": "https://registry.npmjs.org/@tokenizer/token/-/token-0.3.0.tgz",
      "integrity": "sha512-OvjF+z51L3ov0OyAU0duzsYuvO01PH7x4t6DJx+guahgTnBHkhJdG7soQeTSFLWN3efnHyibZ4Z8l2EuWwJN3A=="
    },
    "axios": {
      "version": "0.23.0",
      "resolved": "https://registry.npmjs.org/axios/-/axios-0.23.0.tgz",
      "integrity": "sha512-NmvAE4i0YAv5cKq8zlDoPd1VLKAqX5oLuZKs8xkJa4qi6RGn0uhCYFjWtHHC9EM/MwOwYWOs53W+V0aqEXq1sg==",
      "requires": {
        "follow-redirects": "^1.14.4"
      }
    },
    "file-type": {
      "version": "17.1.1",
      "resolved": "https://registry.npmjs.org/file-type/-/file-type-17.1.1.tgz",
      "integrity": "sha512-heRUMZHby2Qj6wZAA3YHeMlRmZNQTcb6VxctkGmM+mcM6ROQKvHpr7SS6EgdfEhH+s25LDshBjvPx/Ecm+bOVQ==",
      "requires": {
        "readable-web-to-node-stream": "^3.0.2",
        "strtok3": "^7.0.0-alpha.7",
        "token-types": "^5.0.0-alpha.2"
      }
    },
    "follow-redirects": {
      "version": "1.14.4",
      "resolved": "https://registry.npmjs.org/follow-redirects/-/follow-redirects-1.14.4.tgz",
      "integrity": "sha512-zwGkiSXC1MUJG/qmeIFH2HBJx9u0V46QGUe3YR1fXG8bXQxq7fLj0RjLZQ5nubr9qNJUZrH+xUcwXEoXNpfS+g=="
    },
    "graphql": {
      "version": "15.6.1",
      "resolved": "https://registry.npmjs.org/graphql/-/graphql-15.6.1.tgz",
      "integrity": "sha512-3i5lu0z6dRvJ48QP9kFxBkJ7h4Kso7PS8eahyTFz5Jm6CvQfLtNIE8LX9N6JLnXTuwR+sIYnXzaWp6anOg0QQw=="
    },
    "graphql-tag": {
      "version": "2.12.5",
      "resolved": "https://registry.npmjs.org/graphql-tag/-/graphql-tag-2.12.5.tgz",
      "integrity": "sha512-5xNhP4063d16Pz3HBtKprutsPrmHZi5IdUGOWRxA2B6VF7BIRGOHZ5WQvDmJXZuPcBg7rYwaFxvQYjqkSdR3TQ==",
      "requires": {
        "tslib": "^2.1.0"
      }
    },
    "ieee754": {
      "version": "1.2.1",
      "resolved": "https://registry.npmjs.org/ieee754/-/ieee754-1.2.1.tgz",
      "integrity": "sha512-dcyqhDvX1C46lXZcVqCpK+FtMRQVdIMN6/Df5js2zouUsqG7I6sFxitIC+7KYK29KdXOLHdu9zL4sFnoVQnqaA=="
    },
    "inherits": {
      "version": "2.0.4",
      "resolved": "https://registry.npmjs.org/inherits/-/inherits-2.0.4.tgz",
      "integrity": "sha512-k/vGaX4/Yla3WzyMCvTQOXYeIHvqOKtnqBduzTHpzpQZzAskKMhZ2K+EnBiSM9zGSoIFeMpXKxa4dYeZIQqewQ=="
    },
    "papaparse": {
      "version": "5.3.2",
      "resolved": "https://registry.npmjs.org/papaparse/-/papaparse-5.3.2.tgz",
      "integrity": "sha512-6dNZu0Ki+gyV0eBsFKJhYr+MdQYAzFUGlBMNj3GNrmHxmz1lfRa24CjFObPXtjcetlOv5Ad299MhIK0znp3afw=="
    },
    "peek-readable": {
      "version": "5.0.0-alpha.5",
      "resolved": "https://registry.npmjs.org/peek-readable/-/peek-readable-5.0.0-alpha.5.tgz",
      "integrity": "sha512-pJohF/tDwV3ntnT5+EkUo4E700q/j/OCDuPxtM+5/kFGjyOai/sK4/We4Cy1MB2OiTQliWU5DxPvYIKQAdPqAA=="
    },
    "readable-stream": {
      "version": "3.6.0",
      "resolved": "https://registry.npmjs.org/readable-stream/-/readable-stream-3.6.0.tgz",
      "integrity": "sha512-BViHy7LKeTz4oNnkcLJ+lVSL6vpiFeX6/d3oSH8zCW7UxP2onchk+vTGB143xuFjHS3deTgkKoXXymXqymiIdA==",
      "requires": {
        "inherits": "^2.0.3",
        "string_decoder": "^1.1.1",
        "util-deprecate": "^1.0.1"
      }
    },
    "readable-web-to-node-stream": {
      "version": "3.0.2",
      "resolved": "https://registry.npmjs.org/readable-web-to-node-stream/-/readable-web-to-node-stream-3.0.2.tgz",
      "integrity": "sha512-ePeK6cc1EcKLEhJFt/AebMCLL+GgSKhuygrZ/GLaKZYEecIgIECf4UaUuaByiGtzckwR4ain9VzUh95T1exYGw==",
      "requires": {
        "readable-stream": "^3.6.0"
      }
    },
    "safe-buffer": {
      "version": "5.2.1",
      "resolved": "https://registry.npmjs.org/safe-buffer/-/safe-buffer-5.2.1.tgz",
      "integrity": "sha512-rp3So07KcdmmKbGvgaNxQSJr7bGVSVk5S9Eq1F+ppbRo70+YeaDxkw5Dd8NPN+GD6bjnYm2VuPuCXmpuYvmCXQ=="
    },
    "string_decoder": {
      "version": "1.3.0",
      "resolved": "https://registry.npmjs.org/string_decoder/-/string_decoder-1.3.0.tgz",
      "integrity": "sha512-hkRX8U1WjJFd8LsDJ2yQ/wWWxaopEsABU1XfkM8A+j0+85JAGppt16cr1Whg6KIbb4okU6Mql6BOj+uup/wKeA==",
      "requires": {
        "safe-buffer": "~5.2.0"
      }
    },
    "strtok3": {
      "version": "7.0.0-alpha.8",
      "resolved": "https://registry.npmjs.org/strtok3/-/strtok3-7.0.0-alpha.8.tgz",
      "integrity": "sha512-u+k19v+rTxBjGYxncRQjGvZYwYvEd0uP3D+uHKe/s4WB1eXS5ZwpZsTlBu5xSS4zEd89mTXECXg6WW3FSeV8cA==",
      "requires": {
        "@tokenizer/token": "^0.3.0",
        "peek-readable": "^5.0.0-alpha.5"
      }
    },
    "token-types": {
      "version": "5.0.0-alpha.2",
      "resolved": "https://registry.npmjs.org/token-types/-/token-types-5.0.0-alpha.2.tgz",
      "integrity": "sha512-EsG9UxAW4M6VATrEEjhPFTKEUi1OiJqTUMIZOGBN49fGxYjZB36k0p7to3HZSmWRoHm1QfZgrg3e02fpqAt5fQ==",
      "requires": {
        "@tokenizer/token": "^0.3.0",
        "ieee754": "^1.2.1"
      }
    },
    "tslib": {
      "version": "2.3.1",
      "resolved": "https://registry.npmjs.org/tslib/-/tslib-2.3.1.tgz",
      "integrity": "sha512-77EbyPPpMz+FRFRuAFlWMtmgUWGe9UOG2Z25NqCwiIjRhOf5iKGuzSe5P2w1laq+FkRy4p+PCuVkJSGkzTEKVw=="
    },
    "util-deprecate": {
      "version": "1.0.2",
      "resolved": "https://registry.npmjs.org/util-deprecate/-/util-deprecate-1.0.2.tgz",
      "integrity": "sha1-RQ1Nyfpw3nMnYvvS1KKJgUGaDM8="
    }
  }
}
